{
  "originHash" : "32867c52c33fc7f982dd8b7bc94f21c531f130a4beae8bd7e85b494e24943da4",
  "pins" : [
    {
      "identity" : "swift-argument-parser",
      "kind" : "remoteSourceControl",
      "location" : "https://github.com/apple/swift-argument-parser",
      "state" : {
        "revision" : "cdd0ef3755280949551dc26dee5de9ddeda89f54",
        "version" : "1.6.2"
      }
    },
    {
      "identity" : "swift-extensions",
      "kind" : "remoteSourceControl",
      "location" : "https://github.com/fizker/swift-extensions.git",
      "state" : {
        "revision" : "c66708a1fcd0f42798f3345231edca60d60e48e5",
        "version" : "1.4.0"
      }
    }
  ],
  "version" : 3
}
